
Microsoft Visual Studio Solution File, Format Version 12.00
# Visual Studio Version 16
VisualStudioVersion = 16.0.30523.141
MinimumVisualStudioVersion = 10.0.40219.1
Project("{FAE04EC0-301F-11D3-BF4B-00C04F79EFBC}") = "Elite Dangerous to Social Media C Forms Version", "Elite Dangerous to Social Media C Forms Version\Elite Dangerous to Social Media C Forms Version.csproj", "{D0021C8B-1FC8-4BF7-9689-7A13DCEF41EC}"
EndProject
Global
	GlobalSection(SolutionConfigurationPlatforms) = preSolution
		Debug|Any CPU = Debug|Any CPU
		Release|Any CPU = Release|Any CPU
	EndGlobalSection
	GlobalSection(ProjectConfigurationPlatforms) = postSolution
		{D0021C8B-1FC8-4BF7-9689-7A13DCEF41EC}.Debug|Any CPU.ActiveCfg = Debug|Any CPU
		{D0021C8B-1FC8-4BF7-9689-7A13DCEF41EC}.Debug|Any CPU.Build.0 = Debug|Any CPU
		{D0021C8B-1FC8-4BF7-9689-7A13DCEF41EC}.Release|Any CPU.ActiveCfg = Release|Any CPU
		{D0021C8B-1FC8-4BF7-9689-7A13DCEF41EC}.Release|Any CPU.Build.0 = Release|Any CPU
	EndGlobalSection
	GlobalSection(SolutionProperties) = preSolution
		HideSolutionNode = FALSE
	EndGlobalSection
	GlobalSection(ExtensibilityGlobals) = postSolution
		SolutionGuid = {04396313-3CC4-4F1E-A760-9CA2E7CCBE8B}
	EndGlobalSection
EndGlobal
