
Microsoft Visual Studio Solution File, Format Version 12.00
# Visual Studio Version 16
VisualStudioVersion = 16.0.30523.141
MinimumVisualStudioVersion = 10.0.40219.1
Project("{FAE04EC0-301F-11D3-BF4B-00C04F79EFBC}") = "Elite Dangerous to Social Media C Forms Version", "Elite Dangerous to Social Media C Forms Version\Elite Dangerous to Social Media C Forms Version.csproj", "{D0021C8B-1FC8-4BF7-9689-7A13DCEF41EC}"
EndProject
Project("{C7167F0D-BC9F-4E6E-AFE1-012C56B48DB5}") = "EliteDangerous to Social Media Gateway Installer", "EliteDangerous to Social Media Gateway Installer\EliteDangerous to Social Media Gateway Installer.wapproj", "{CDA6A99C-493E-40B2-92AD-E85E3716B0EC}"
EndProject
Global
	GlobalSection(SolutionConfigurationPlatforms) = preSolution
		Debug|Any CPU = Debug|Any CPU
		Debug|ARM = Debug|ARM
		Debug|ARM64 = Debug|ARM64
		Debug|x64 = Debug|x64
		Debug|x86 = Debug|x86
		Release|Any CPU = Release|Any CPU
		Release|ARM = Release|ARM
		Release|ARM64 = Release|ARM64
		Release|x64 = Release|x64
		Release|x86 = Release|x86
	EndGlobalSection
	GlobalSection(ProjectConfigurationPlatforms) = postSolution
		{D0021C8B-1FC8-4BF7-9689-7A13DCEF41EC}.Debug|Any CPU.ActiveCfg = Debug|Any CPU
		{D0021C8B-1FC8-4BF7-9689-7A13DCEF41EC}.Debug|Any CPU.Build.0 = Debug|Any CPU
		{D0021C8B-1FC8-4BF7-9689-7A13DCEF41EC}.Debug|ARM.ActiveCfg = Debug|Any CPU
		{D0021C8B-1FC8-4BF7-9689-7A13DCEF41EC}.Debug|ARM.Build.0 = Debug|Any CPU
		{D0021C8B-1FC8-4BF7-9689-7A13DCEF41EC}.Debug|ARM64.ActiveCfg = Debug|Any CPU
		{D0021C8B-1FC8-4BF7-9689-7A13DCEF41EC}.Debug|ARM64.Build.0 = Debug|Any CPU
		{D0021C8B-1FC8-4BF7-9689-7A13DCEF41EC}.Debug|x64.ActiveCfg = Debug|Any CPU
		{D0021C8B-1FC8-4BF7-9689-7A13DCEF41EC}.Debug|x64.Build.0 = Debug|Any CPU
		{D0021C8B-1FC8-4BF7-9689-7A13DCEF41EC}.Debug|x86.ActiveCfg = Debug|Any CPU
		{D0021C8B-1FC8-4BF7-9689-7A13DCEF41EC}.Debug|x86.Build.0 = Debug|Any CPU
		{D0021C8B-1FC8-4BF7-9689-7A13DCEF41EC}.Release|Any CPU.ActiveCfg = Release|Any CPU
		{D0021C8B-1FC8-4BF7-9689-7A13DCEF41EC}.Release|Any CPU.Build.0 = Release|Any CPU
		{D0021C8B-1FC8-4BF7-9689-7A13DCEF41EC}.Release|ARM.ActiveCfg = Release|Any CPU
		{D0021C8B-1FC8-4BF7-9689-7A13DCEF41EC}.Release|ARM.Build.0 = Release|Any CPU
		{D0021C8B-1FC8-4BF7-9689-7A13DCEF41EC}.Release|ARM64.ActiveCfg = Release|Any CPU
		{D0021C8B-1FC8-4BF7-9689-7A13DCEF41EC}.Release|ARM64.Build.0 = Release|Any CPU
		{D0021C8B-1FC8-4BF7-9689-7A13DCEF41EC}.Release|x64.ActiveCfg = Release|Any CPU
		{D0021C8B-1FC8-4BF7-9689-7A13DCEF41EC}.Release|x64.Build.0 = Release|Any CPU
		{D0021C8B-1FC8-4BF7-9689-7A13DCEF41EC}.Release|x86.ActiveCfg = Release|Any CPU
		{D0021C8B-1FC8-4BF7-9689-7A13DCEF41EC}.Release|x86.Build.0 = Release|Any CPU
		{CDA6A99C-493E-40B2-92AD-E85E3716B0EC}.Debug|Any CPU.ActiveCfg = Debug|Any CPU
		{CDA6A99C-493E-40B2-92AD-E85E3716B0EC}.Debug|Any CPU.Build.0 = Debug|Any CPU
		{CDA6A99C-493E-40B2-92AD-E85E3716B0EC}.Debug|Any CPU.Deploy.0 = Debug|Any CPU
		{CDA6A99C-493E-40B2-92AD-E85E3716B0EC}.Debug|ARM.ActiveCfg = Debug|ARM
		{CDA6A99C-493E-40B2-92AD-E85E3716B0EC}.Debug|ARM.Build.0 = Debug|ARM
		{CDA6A99C-493E-40B2-92AD-E85E3716B0EC}.Debug|ARM.Deploy.0 = Debug|ARM
		{CDA6A99C-493E-40B2-92AD-E85E3716B0EC}.Debug|ARM64.ActiveCfg = Debug|ARM64
		{CDA6A99C-493E-40B2-92AD-E85E3716B0EC}.Debug|ARM64.Build.0 = Debug|ARM64
		{CDA6A99C-493E-40B2-92AD-E85E3716B0EC}.Debug|ARM64.Deploy.0 = Debug|ARM64
		{CDA6A99C-493E-40B2-92AD-E85E3716B0EC}.Debug|x64.ActiveCfg = Debug|x64
		{CDA6A99C-493E-40B2-92AD-E85E3716B0EC}.Debug|x64.Build.0 = Debug|x64
		{CDA6A99C-493E-40B2-92AD-E85E3716B0EC}.Debug|x64.Deploy.0 = Debug|x64
		{CDA6A99C-493E-40B2-92AD-E85E3716B0EC}.Debug|x86.ActiveCfg = Debug|x86
		{CDA6A99C-493E-40B2-92AD-E85E3716B0EC}.Debug|x86.Build.0 = Debug|x86
		{CDA6A99C-493E-40B2-92AD-E85E3716B0EC}.Debug|x86.Deploy.0 = Debug|x86
		{CDA6A99C-493E-40B2-92AD-E85E3716B0EC}.Release|Any CPU.ActiveCfg = Release|Any CPU
		{CDA6A99C-493E-40B2-92AD-E85E3716B0EC}.Release|Any CPU.Build.0 = Release|Any CPU
		{CDA6A99C-493E-40B2-92AD-E85E3716B0EC}.Release|Any CPU.Deploy.0 = Release|Any CPU
		{CDA6A99C-493E-40B2-92AD-E85E3716B0EC}.Release|ARM.ActiveCfg = Release|ARM
		{CDA6A99C-493E-40B2-92AD-E85E3716B0EC}.Release|ARM.Build.0 = Release|ARM
		{CDA6A99C-493E-40B2-92AD-E85E3716B0EC}.Release|ARM.Deploy.0 = Release|ARM
		{CDA6A99C-493E-40B2-92AD-E85E3716B0EC}.Release|ARM64.ActiveCfg = Release|ARM64
		{CDA6A99C-493E-40B2-92AD-E85E3716B0EC}.Release|ARM64.Build.0 = Release|ARM64
		{CDA6A99C-493E-40B2-92AD-E85E3716B0EC}.Release|ARM64.Deploy.0 = Release|ARM64
		{CDA6A99C-493E-40B2-92AD-E85E3716B0EC}.Release|x64.ActiveCfg = Release|x64
		{CDA6A99C-493E-40B2-92AD-E85E3716B0EC}.Release|x64.Build.0 = Release|x64
		{CDA6A99C-493E-40B2-92AD-E85E3716B0EC}.Release|x64.Deploy.0 = Release|x64
		{CDA6A99C-493E-40B2-92AD-E85E3716B0EC}.Release|x86.ActiveCfg = Release|x86
		{CDA6A99C-493E-40B2-92AD-E85E3716B0EC}.Release|x86.Build.0 = Release|x86
		{CDA6A99C-493E-40B2-92AD-E85E3716B0EC}.Release|x86.Deploy.0 = Release|x86
	EndGlobalSection
	GlobalSection(SolutionProperties) = preSolution
		HideSolutionNode = FALSE
	EndGlobalSection
	GlobalSection(ExtensibilityGlobals) = postSolution
		SolutionGuid = {04396313-3CC4-4F1E-A760-9CA2E7CCBE8B}
	EndGlobalSection
EndGlobal
